
Microsoft Visual Studio Solution File, Format Version 12.00
# Visual Studio Version 17
VisualStudioVersion = 17.10.34916.146
MinimumVisualStudioVersion = 10.0.40219.1
Project("{FAE04EC0-301F-11D3-BF4B-00C04F79EFBC}") = "01-SumMatrixElements", "01-SumMatrixElements\01-SumMatrixElements.csproj", "{36764927-B750-40A8-98DE-82C71DCA86A8}"
EndProject
Project("{FAE04EC0-301F-11D3-BF4B-00C04F79EFBC}") = "02-SumMatrixColumns", "02-SumMatrixColumns\02-SumMatrixColumns.csproj", "{66605159-F200-4AAF-AF1F-D21B7EF1FC81}"
EndProject
Project("{FAE04EC0-301F-11D3-BF4B-00C04F79EFBC}") = "03-PrimaryDiagonal", "03-PrimaryDiagonal\03-PrimaryDiagonal.csproj", "{3F83DAE4-AFAE-4585-8523-E1E7C7032893}"
EndProject
Project("{FAE04EC0-301F-11D3-BF4B-00C04F79EFBC}") = "04-SymbolInMatrix", "04-SymbolInMatrix\04-SymbolInMatrix.csproj", "{5C3694E6-B1D6-42CC-9A49-90D4CCF1973D}"
EndProject
Project("{FAE04EC0-301F-11D3-BF4B-00C04F79EFBC}") = "05-SquareWithMaximumSum", "05-SquareWithMaximumSum\05-SquareWithMaximumSum.csproj", "{BD14C0AD-D8A0-46CD-96AA-87DA484E1A96}"
EndProject
Project("{FAE04EC0-301F-11D3-BF4B-00C04F79EFBC}") = "06-JaggedArrayModification", "06-JaggedArrayModification\06-JaggedArrayModification.csproj", "{EF35C230-84B9-408D-B43D-932B9DBC4E55}"
EndProject
Project("{FAE04EC0-301F-11D3-BF4B-00C04F79EFBC}") = "07-PascalTriangle", "07-PascalTriangle\07-PascalTriangle.csproj", "{8A7E2C7B-BE1D-43F1-86CB-27740F82F1B7}"
EndProject
Global
	GlobalSection(SolutionConfigurationPlatforms) = preSolution
		Debug|Any CPU = Debug|Any CPU
		Release|Any CPU = Release|Any CPU
	EndGlobalSection
	GlobalSection(ProjectConfigurationPlatforms) = postSolution
		{36764927-B750-40A8-98DE-82C71DCA86A8}.Debug|Any CPU.ActiveCfg = Debug|Any CPU
		{36764927-B750-40A8-98DE-82C71DCA86A8}.Debug|Any CPU.Build.0 = Debug|Any CPU
		{36764927-B750-40A8-98DE-82C71DCA86A8}.Release|Any CPU.ActiveCfg = Release|Any CPU
		{36764927-B750-40A8-98DE-82C71DCA86A8}.Release|Any CPU.Build.0 = Release|Any CPU
		{66605159-F200-4AAF-AF1F-D21B7EF1FC81}.Debug|Any CPU.ActiveCfg = Debug|Any CPU
		{66605159-F200-4AAF-AF1F-D21B7EF1FC81}.Debug|Any CPU.Build.0 = Debug|Any CPU
		{66605159-F200-4AAF-AF1F-D21B7EF1FC81}.Release|Any CPU.ActiveCfg = Release|Any CPU
		{66605159-F200-4AAF-AF1F-D21B7EF1FC81}.Release|Any CPU.Build.0 = Release|Any CPU
		{3F83DAE4-AFAE-4585-8523-E1E7C7032893}.Debug|Any CPU.ActiveCfg = Debug|Any CPU
		{3F83DAE4-AFAE-4585-8523-E1E7C7032893}.Debug|Any CPU.Build.0 = Debug|Any CPU
		{3F83DAE4-AFAE-4585-8523-E1E7C7032893}.Release|Any CPU.ActiveCfg = Release|Any CPU
		{3F83DAE4-AFAE-4585-8523-E1E7C7032893}.Release|Any CPU.Build.0 = Release|Any CPU
		{5C3694E6-B1D6-42CC-9A49-90D4CCF1973D}.Debug|Any CPU.ActiveCfg = Debug|Any CPU
		{5C3694E6-B1D6-42CC-9A49-90D4CCF1973D}.Debug|Any CPU.Build.0 = Debug|Any CPU
		{5C3694E6-B1D6-42CC-9A49-90D4CCF1973D}.Release|Any CPU.ActiveCfg = Release|Any CPU
		{5C3694E6-B1D6-42CC-9A49-90D4CCF1973D}.Release|Any CPU.Build.0 = Release|Any CPU
		{BD14C0AD-D8A0-46CD-96AA-87DA484E1A96}.Debug|Any CPU.ActiveCfg = Debug|Any CPU
		{BD14C0AD-D8A0-46CD-96AA-87DA484E1A96}.Debug|Any CPU.Build.0 = Debug|Any CPU
		{BD14C0AD-D8A0-46CD-96AA-87DA484E1A96}.Release|Any CPU.ActiveCfg = Release|Any CPU
		{BD14C0AD-D8A0-46CD-96AA-87DA484E1A96}.Release|Any CPU.Build.0 = Release|Any CPU
		{EF35C230-84B9-408D-B43D-932B9DBC4E55}.Debug|Any CPU.ActiveCfg = Debug|Any CPU
		{EF35C230-84B9-408D-B43D-932B9DBC4E55}.Debug|Any CPU.Build.0 = Debug|Any CPU
		{EF35C230-84B9-408D-B43D-932B9DBC4E55}.Release|Any CPU.ActiveCfg = Release|Any CPU
		{EF35C230-84B9-408D-B43D-932B9DBC4E55}.Release|Any CPU.Build.0 = Release|Any CPU
		{8A7E2C7B-BE1D-43F1-86CB-27740F82F1B7}.Debug|Any CPU.ActiveCfg = Debug|Any CPU
		{8A7E2C7B-BE1D-43F1-86CB-27740F82F1B7}.Debug|Any CPU.Build.0 = Debug|Any CPU
		{8A7E2C7B-BE1D-43F1-86CB-27740F82F1B7}.Release|Any CPU.ActiveCfg = Release|Any CPU
		{8A7E2C7B-BE1D-43F1-86CB-27740F82F1B7}.Release|Any CPU.Build.0 = Release|Any CPU
	EndGlobalSection
	GlobalSection(SolutionProperties) = preSolution
		HideSolutionNode = FALSE
	EndGlobalSection
	GlobalSection(ExtensibilityGlobals) = postSolution
		SolutionGuid = {EFEE9DB3-C7AC-451B-8D8F-3CECF94C01E7}
	EndGlobalSection
EndGlobal
